
Microsoft Visual Studio Solution File, Format Version 12.00
# Visual Studio Version 17
VisualStudioVersion = 17.9.34728.123
MinimumVisualStudioVersion = 10.0.40219.1
Project("{9A19103F-16F7-4668-BE54-9A1E7A4F7556}") = "BillingSystem", "BillingSystem\BillingSystem.csproj", "{ACFE91F4-0900-4FFF-9ABB-9C10FADB3BE3}"
EndProject
Project("{930C7802-8A8C-48F9-8165-68863BCCD9DD}") = "BIllingSystem.setup", "BIllingSystem.setup\BIllingSystem.setup.wixproj", "{4467CB1F-17E2-4C90-BF7C-76A96B98B5FC}"
EndProject
Global
	GlobalSection(SolutionConfigurationPlatforms) = preSolution
		Debug|Any CPU = Debug|Any CPU
		Debug|x86 = Debug|x86
		Release|Any CPU = Release|Any CPU
		Release|x86 = Release|x86
	EndGlobalSection
	GlobalSection(ProjectConfigurationPlatforms) = postSolution
		{ACFE91F4-0900-4FFF-9ABB-9C10FADB3BE3}.Debug|Any CPU.ActiveCfg = Debug|Any CPU
		{ACFE91F4-0900-4FFF-9ABB-9C10FADB3BE3}.Debug|Any CPU.Build.0 = Debug|Any CPU
		{ACFE91F4-0900-4FFF-9ABB-9C10FADB3BE3}.Debug|x86.ActiveCfg = Debug|Any CPU
		{ACFE91F4-0900-4FFF-9ABB-9C10FADB3BE3}.Debug|x86.Build.0 = Debug|Any CPU
		{ACFE91F4-0900-4FFF-9ABB-9C10FADB3BE3}.Release|Any CPU.ActiveCfg = Release|Any CPU
		{ACFE91F4-0900-4FFF-9ABB-9C10FADB3BE3}.Release|Any CPU.Build.0 = Release|Any CPU
		{ACFE91F4-0900-4FFF-9ABB-9C10FADB3BE3}.Release|x86.ActiveCfg = Release|Any CPU
		{ACFE91F4-0900-4FFF-9ABB-9C10FADB3BE3}.Release|x86.Build.0 = Release|Any CPU
		{4467CB1F-17E2-4C90-BF7C-76A96B98B5FC}.Debug|Any CPU.ActiveCfg = Debug|x86
		{4467CB1F-17E2-4C90-BF7C-76A96B98B5FC}.Debug|Any CPU.Build.0 = Debug|x86
		{4467CB1F-17E2-4C90-BF7C-76A96B98B5FC}.Debug|x86.ActiveCfg = Debug|x86
		{4467CB1F-17E2-4C90-BF7C-76A96B98B5FC}.Debug|x86.Build.0 = Debug|x86
		{4467CB1F-17E2-4C90-BF7C-76A96B98B5FC}.Release|Any CPU.ActiveCfg = Release|x86
		{4467CB1F-17E2-4C90-BF7C-76A96B98B5FC}.Release|Any CPU.Build.0 = Release|x86
		{4467CB1F-17E2-4C90-BF7C-76A96B98B5FC}.Release|x86.ActiveCfg = Release|x86
		{4467CB1F-17E2-4C90-BF7C-76A96B98B5FC}.Release|x86.Build.0 = Release|x86
	EndGlobalSection
	GlobalSection(SolutionProperties) = preSolution
		HideSolutionNode = FALSE
	EndGlobalSection
	GlobalSection(ExtensibilityGlobals) = postSolution
		SolutionGuid = {0B9C9FD7-8476-4A99-9684-34031A05E825}
	EndGlobalSection
EndGlobal
