
Microsoft Visual Studio Solution File, Format Version 12.00
# Visual Studio Version 17
VisualStudioVersion = 17.9.34728.123
MinimumVisualStudioVersion = 10.0.40219.1
Project("{9A19103F-16F7-4668-BE54-9A1E7A4F7556}") = "BillingSystem", "BillingSystem\BillingSystem.csproj", "{ACFE91F4-0900-4FFF-9ABB-9C10FADB3BE3}"
EndProject
Global
	GlobalSection(SolutionConfigurationPlatforms) = preSolution
		Debug|Any CPU = Debug|Any CPU
		Release|Any CPU = Release|Any CPU
	EndGlobalSection
	GlobalSection(ProjectConfigurationPlatforms) = postSolution
		{ACFE91F4-0900-4FFF-9ABB-9C10FADB3BE3}.Debug|Any CPU.ActiveCfg = Debug|Any CPU
		{ACFE91F4-0900-4FFF-9ABB-9C10FADB3BE3}.Debug|Any CPU.Build.0 = Debug|Any CPU
		{ACFE91F4-0900-4FFF-9ABB-9C10FADB3BE3}.Release|Any CPU.ActiveCfg = Release|Any CPU
		{ACFE91F4-0900-4FFF-9ABB-9C10FADB3BE3}.Release|Any CPU.Build.0 = Release|Any CPU
	EndGlobalSection
	GlobalSection(SolutionProperties) = preSolution
		HideSolutionNode = FALSE
	EndGlobalSection
	GlobalSection(ExtensibilityGlobals) = postSolution
		SolutionGuid = {0B9C9FD7-8476-4A99-9684-34031A05E825}
	EndGlobalSection
EndGlobal
